PODS:
  - FSCalculator (0.0.1)
  - FSKit (1.3.2.2)
  - FSShare (0.0.1):
    - FSKit
    - FSToast
    - FSUIKit
    - WechatOpenSDK (= 1.8.3)
  - FSToast (0.0.1)
  - FSUIKit (0.0.2):
    - FSCalculator
    - FSKit
    - FSWindow
  - FSWindow (0.0.1)
  - WechatOpenSDK (1.8.3)

DEPENDENCIES:
  - FSShare (from `../`)

SPEC REPOS:
  https://github.com/cocoapods/specs.git:
    - FSCalculator
    - FSKit
    - FSToast
    - FSUIKit
    - FSWindow
    - WechatOpenSDK

EXTERNAL SOURCES:
  FSShare:
    :path: "../"

SPEC CHECKSUMS:
  FSCalculator: 3ab79307b008ebf07b4fa7fe827f418d7c65fd14
  FSKit: 1578169720d621fb12b806a8d0faf8ba95afb0e2
  FSShare: bf2aa610cb248c7758940dccb9652a103341b9d2
  FSToast: c168e006b160e4305f6bf828da66cdffcc20dbe7
  FSUIKit: 2b7389799a0db86bfcdcf87adc71821d285671e4
  FSWindow: 54dce45874a001ba7761303c89f478a7b9197ad2
  WechatOpenSDK: 3117412f8aafde4758cac1e8d20b93c67cafcfef

PODFILE CHECKSUM: e7022fcd365c9aee92a2eb9d5502cd98753cb5d7

COCOAPODS: 1.6.0.beta.2
